
Microsoft Visual Studio Solution File, Format Version 12.00
# Visual Studio Version 16
VisualStudioVersion = 16.0.30011.22
MinimumVisualStudioVersion = 10.0.40219.1
Project("{FAE04EC0-301F-11D3-BF4B-00C04F79EFBC}") = "Log_system", "Log_system\Log_system.csproj", "{81E2454A-5BD5-48F7-AFE4-2793005C78BE}"
EndProject
Global
	GlobalSection(SolutionConfigurationPlatforms) = preSolution
		Debug|Any CPU = Debug|Any CPU
		Release|Any CPU = Release|Any CPU
	EndGlobalSection
	GlobalSection(ProjectConfigurationPlatforms) = postSolution
		{81E2454A-5BD5-48F7-AFE4-2793005C78BE}.Debug|Any CPU.ActiveCfg = Debug|Any CPU
		{81E2454A-5BD5-48F7-AFE4-2793005C78BE}.Debug|Any CPU.Build.0 = Debug|Any CPU
		{81E2454A-5BD5-48F7-AFE4-2793005C78BE}.Release|Any CPU.ActiveCfg = Release|Any CPU
		{81E2454A-5BD5-48F7-AFE4-2793005C78BE}.Release|Any CPU.Build.0 = Release|Any CPU
	EndGlobalSection
	GlobalSection(SolutionProperties) = preSolution
		HideSolutionNode = FALSE
	EndGlobalSection
	GlobalSection(ExtensibilityGlobals) = postSolution
		SolutionGuid = {2000C8E8-2AAD-41D2-8487-96EF88D013E6}
	EndGlobalSection
EndGlobal
